{
  "name": "advent of code",
  "version": "1.0.0",
  "lockfileVersion": 3,
  "requires": true,
  "packages": {
    "": {
      "name": "advent of code",
      "version": "1.0.0",
      "license": "ISC",
      "dependencies": {
        "fs": "0.0.1-security"
      },
      "devDependencies": {
        "@types/node": "^20.5.6"
      }
    },
    "node_modules/.pnpm/fs@0.0.1-security/node_modules/fs": {
      "version": "0.0.1-security",
      "license": "ISC"
    },
    "node_modules/@types/node": {
      "version": "20.5.6",
      "resolved": "https://registry.npmjs.org/@types/node/-/node-20.5.6.tgz",
      "integrity": "sha512-Gi5wRGPbbyOTX+4Y2iULQ27oUPrefaB0PxGQJnfyWN3kvEDGM3mIB5M/gQLmitZf7A9FmLeaqxD3L1CXpm3VKQ==",
      "dev": true
    },
    "node_modules/fs": {
      "resolved": "node_modules/.pnpm/fs@0.0.1-security/node_modules/fs",
      "link": true
    }
  }
}
