lockfileVersion: '9.0'

settings:
  autoInstallPeers: true
  excludeLinksFromLockfile: false

importers:

  .:
    dependencies:
      js-md5:
        specifier: ^0.8.3
        version: 0.8.3

packages:

  js-md5@0.8.3:
    resolution: {integrity: sha512-qR0HB5uP6wCuRMrWPTrkMaev7MJZwJuuw4fnwAzRgP4J4/F8RwtodOKpGp4XpqsLBFzzgqIO42efFAyz2Et6KQ==}

snapshots:

  js-md5@0.8.3: {}
